version = 2

[dependencies.anthropic-skills]
url = "github.com/anthropics/skills"
commit = "f458cee31a7577a47ba0c9a101976fa599385174"

[dependencies.meridian-base]
url = "github.com/meridian-flow/meridian-base"
version = "v0.4.1"
commit = "5b262f0f5b0eda19276de8dcf007868080b59d8d"

[dependencies.meridian-dev-workflow]
url = "github.com/meridian-flow/meridian-dev-workflow"
version = "v0.6.2"
commit = "a94417862fcf0466ccc0b8ea9f3696b3bb4c6840"

[dependencies.meridian-prompter]
url = "github.com/meridian-flow/meridian-prompter"
version = "v0.2.0"
commit = "36e072e4720cf95cdccebcacbd07629e2e9cc25f"

[dependencies.playwright-cli]
url = "github.com/microsoft/playwright-cli"
commit = "3a1bafc8b4e973c72d0364eb5b427d1ce0aa8317"

[items."agent/alignment-reviewer"]
source = "meridian-dev-workflow"
kind = "agent"
version = "v0.6.2"
source_checksum = "sha256:1f50de81c4c201b2f929bda479f0299115d4a69daf6e97d9c53d400109e4590c"

[[items."agent/alignment-reviewer".outputs]]
target_root = ".mars"
dest_path = "agents/alignment-reviewer.md"
installed_checksum = "sha256:1f50de81c4c201b2f929bda479f0299115d4a69daf6e97d9c53d400109e4590c"

[items."agent/architect"]
source = "meridian-dev-workflow"
kind = "agent"
version = "v0.6.2"
source_checksum = "sha256:dda4e8b102666a96802efe1f50c9a34848beafe6e5f157e2bc9060fc37b8eb29"

[[items."agent/architect".outputs]]
target_root = ".mars"
dest_path = "agents/architect.md"
installed_checksum = "sha256:dda4e8b102666a96802efe1f50c9a34848beafe6e5f157e2bc9060fc37b8eb29"

[items."agent/browser"]
source = "meridian-dev-workflow"
kind = "agent"
version = "v0.6.2"
source_checksum = "sha256:1187d7d4e4ccdd8515b99dfead6ab82ed4f3bba48211519cb2edcb88afbec685"

[[items."agent/browser".outputs]]
target_root = ".mars"
dest_path = "agents/browser.md"
installed_checksum = "sha256:1187d7d4e4ccdd8515b99dfead6ab82ed4f3bba48211519cb2edcb88afbec685"

[items."agent/browser-tester"]
source = "meridian-dev-workflow"
kind = "agent"
version = "v0.6.2"
source_checksum = "sha256:88930f287da20be2e6e417aeddde7081fbb36ee8ca8e94de0b3b9eb1d7546a80"

[[items."agent/browser-tester".outputs]]
target_root = ".mars"
dest_path = "agents/browser-tester.md"
installed_checksum = "sha256:88930f287da20be2e6e417aeddde7081fbb36ee8ca8e94de0b3b9eb1d7546a80"

[items."agent/code-mirror"]
source = "meridian-dev-workflow"
kind = "agent"
version = "v0.6.2"
source_checksum = "sha256:61728979759dff5a86b060038699d617e0b18da924bae323637f222cfcba9c4d"

[[items."agent/code-mirror".outputs]]
target_root = ".mars"
dest_path = "agents/code-mirror.md"
installed_checksum = "sha256:61728979759dff5a86b060038699d617e0b18da924bae323637f222cfcba9c4d"

[items."agent/coder"]
source = "meridian-dev-workflow"
kind = "agent"
version = "v0.6.2"
source_checksum = "sha256:234f97f79be80cb8df1157d8924c41cdeb7e9d094033831d99610c10b667d96e"

[[items."agent/coder".outputs]]
target_root = ".mars"
dest_path = "agents/coder.md"
installed_checksum = "sha256:234f97f79be80cb8df1157d8924c41cdeb7e9d094033831d99610c10b667d96e"

[items."agent/design-lead"]
source = "meridian-dev-workflow"
kind = "agent"
version = "v0.6.2"
source_checksum = "sha256:a45315d62fe9cc1b0daa1ef3704382436527c2bbfa24084c6069f556a9edacd4"

[[items."agent/design-lead".outputs]]
target_root = ".mars"
dest_path = "agents/design-lead.md"
installed_checksum = "sha256:a45315d62fe9cc1b0daa1ef3704382436527c2bbfa24084c6069f556a9edacd4"

[items."agent/design-writer"]
source = "meridian-dev-workflow"
kind = "agent"
version = "v0.6.2"
source_checksum = "sha256:0edf0c40522727c1d8d5e4e231f8920dfb2ad70c4e481184dc34a7522ae91225"

[[items."agent/design-writer".outputs]]
target_root = ".mars"
dest_path = "agents/design-writer.md"
installed_checksum = "sha256:0edf0c40522727c1d8d5e4e231f8920dfb2ad70c4e481184dc34a7522ae91225"

[items."agent/explorer"]
source = "meridian-base"
kind = "agent"
version = "v0.4.1"
source_checksum = "sha256:e0030c04736457f3d71069452e12ca78bd2c951958f82b4fdf5e1d7fc6320607"

[[items."agent/explorer".outputs]]
target_root = ".mars"
dest_path = "agents/explorer.md"
installed_checksum = "sha256:e0030c04736457f3d71069452e12ca78bd2c951958f82b4fdf5e1d7fc6320607"

[items."agent/frontend-coder"]
source = "meridian-dev-workflow"
kind = "agent"
version = "v0.6.2"
source_checksum = "sha256:f330455d6a328551ebd35b09c9e5efaee14d0bc209e9e60c39c58a6fa6f0ca8b"

[[items."agent/frontend-coder".outputs]]
target_root = ".mars"
dest_path = "agents/frontend-coder.md"
installed_checksum = "sha256:f330455d6a328551ebd35b09c9e5efaee14d0bc209e9e60c39c58a6fa6f0ca8b"

[items."agent/frontend-designer"]
source = "meridian-dev-workflow"
kind = "agent"
version = "v0.6.2"
source_checksum = "sha256:3fe545032adb9a0a7729fa867257292f4dd0a276d2f1cc6dc1ce7b2c8edac862"

[[items."agent/frontend-designer".outputs]]
target_root = ".mars"
dest_path = "agents/frontend-designer.md"
installed_checksum = "sha256:3fe545032adb9a0a7729fa867257292f4dd0a276d2f1cc6dc1ce7b2c8edac862"

[items."agent/imagegen"]
source = "meridian-dev-workflow"
kind = "agent"
version = "v0.6.2"
source_checksum = "sha256:b6bfa87d5f775004f24f73f800b595a9a844edcb9859a5ad957d06532ec505d9"

[[items."agent/imagegen".outputs]]
target_root = ".mars"
dest_path = "agents/imagegen.md"
installed_checksum = "sha256:b6bfa87d5f775004f24f73f800b595a9a844edcb9859a5ad957d06532ec505d9"

[items."agent/integration-tester"]
source = "meridian-dev-workflow"
kind = "agent"
version = "v0.6.2"
source_checksum = "sha256:64ff05914fa215385c52b418fa79c9a729de1e3884028ec00b09e0387715b0f9"

[[items."agent/integration-tester".outputs]]
target_root = ".mars"
dest_path = "agents/integration-tester.md"
installed_checksum = "sha256:64ff05914fa215385c52b418fa79c9a729de1e3884028ec00b09e0387715b0f9"

[items."agent/investigator"]
source = "meridian-dev-workflow"
kind = "agent"
version = "v0.6.2"
source_checksum = "sha256:ff8646a7acc7c5b3d6394f67bc199e543597a750f38929ff6bf99d5d35b5555c"

[[items."agent/investigator".outputs]]
target_root = ".mars"
dest_path = "agents/investigator.md"
installed_checksum = "sha256:ff8646a7acc7c5b3d6394f67bc199e543597a750f38929ff6bf99d5d35b5555c"

[items."agent/kb-lead"]
source = "meridian-dev-workflow"
kind = "agent"
version = "v0.6.2"
source_checksum = "sha256:9d86a40073f47846382e03d53c30592bde180b3c2f928a4a3903633036a56a43"

[[items."agent/kb-lead".outputs]]
target_root = ".mars"
dest_path = "agents/kb-lead.md"
installed_checksum = "sha256:9d86a40073f47846382e03d53c30592bde180b3c2f928a4a3903633036a56a43"

[items."agent/kb-maintainer"]
source = "meridian-base"
kind = "agent"
version = "v0.4.1"
source_checksum = "sha256:cfaa1aa01244d87b50d370f89c6753e8a37b2005d129b5f886e885afb65b61a1"

[[items."agent/kb-maintainer".outputs]]
target_root = ".mars"
dest_path = "agents/kb-maintainer.md"
installed_checksum = "sha256:cfaa1aa01244d87b50d370f89c6753e8a37b2005d129b5f886e885afb65b61a1"

[items."agent/kb-writer"]
source = "meridian-base"
kind = "agent"
version = "v0.4.1"
source_checksum = "sha256:faee76f73c4df2489e888a5d672626d97dbdf8ae0da0ae4a95432449e044d6cc"

[[items."agent/kb-writer".outputs]]
target_root = ".mars"
dest_path = "agents/kb-writer.md"
installed_checksum = "sha256:faee76f73c4df2489e888a5d672626d97dbdf8ae0da0ae4a95432449e044d6cc"

[items."agent/meridian-default-orchestrator"]
source = "meridian-base"
kind = "agent"
version = "v0.4.1"
source_checksum = "sha256:defad1880f935b66ba90818c735ff7610024ea86f6dd0eddf842017e63d2adac"

[[items."agent/meridian-default-orchestrator".outputs]]
target_root = ".mars"
dest_path = "agents/meridian-default-orchestrator.md"
installed_checksum = "sha256:defad1880f935b66ba90818c735ff7610024ea86f6dd0eddf842017e63d2adac"

[items."agent/meridian-subagent"]
source = "meridian-base"
kind = "agent"
version = "v0.4.1"
source_checksum = "sha256:9aff23fa784393acaf1570b32415045de4ef952ab6378f967b69ba87c22f86b2"

[[items."agent/meridian-subagent".outputs]]
target_root = ".mars"
dest_path = "agents/meridian-subagent.md"
installed_checksum = "sha256:9aff23fa784393acaf1570b32415045de4ef952ab6378f967b69ba87c22f86b2"

[items."agent/mockup-gen"]
source = "meridian-dev-workflow"
kind = "agent"
version = "v0.6.2"
source_checksum = "sha256:3b719dc59969fd7b4a3930f132effe3e8a2105421015e3778100068d6be45667"

[[items."agent/mockup-gen".outputs]]
target_root = ".mars"
dest_path = "agents/mockup-gen.md"
installed_checksum = "sha256:3b719dc59969fd7b4a3930f132effe3e8a2105421015e3778100068d6be45667"

[items."agent/planner"]
source = "meridian-dev-workflow"
kind = "agent"
version = "v0.6.2"
source_checksum = "sha256:cacd7a87c0fe02b1ac01a9bc4519ad7b0edea930b2c933e5b7623646d61c4df2"

[[items."agent/planner".outputs]]
target_root = ".mars"
dest_path = "agents/planner.md"
installed_checksum = "sha256:cacd7a87c0fe02b1ac01a9bc4519ad7b0edea930b2c933e5b7623646d61c4df2"

[items."agent/product-lead"]
source = "meridian-dev-workflow"
kind = "agent"
version = "v0.6.2"
source_checksum = "sha256:c9a9bdffc445e46fe94b25049c8bcacdd7b3181684a1ba2b82866020286965d4"

[[items."agent/product-lead".outputs]]
target_root = ".mars"
dest_path = "agents/product-lead.md"
installed_checksum = "sha256:c9a9bdffc445e46fe94b25049c8bcacdd7b3181684a1ba2b82866020286965d4"

[items."agent/prompt-dev"]
source = "meridian-prompter"
kind = "agent"
version = "v0.2.0"
source_checksum = "sha256:68bf27e2e1784fc57086b3f1e2fadbc68e768b6d3bf405b5306014e7745bbe40"

[[items."agent/prompt-dev".outputs]]
target_root = ".mars"
dest_path = "agents/prompt-dev.md"
installed_checksum = "sha256:68bf27e2e1784fc57086b3f1e2fadbc68e768b6d3bf405b5306014e7745bbe40"

[items."agent/prompt-reviewer"]
source = "meridian-prompter"
kind = "agent"
version = "v0.2.0"
source_checksum = "sha256:cb45af21c1de8cde21971239692663352daad467802e618aa1515fd4540e1dd8"

[[items."agent/prompt-reviewer".outputs]]
target_root = ".mars"
dest_path = "agents/prompt-reviewer.md"
installed_checksum = "sha256:cb45af21c1de8cde21971239692663352daad467802e618aa1515fd4540e1dd8"

[items."agent/prompt-tester"]
source = "meridian-prompter"
kind = "agent"
version = "v0.2.0"
source_checksum = "sha256:b49a561a9279abb259798079ea2d29526536dd6645f140c055be2dbdedf153bd"

[[items."agent/prompt-tester".outputs]]
target_root = ".mars"
dest_path = "agents/prompt-tester.md"
installed_checksum = "sha256:b49a561a9279abb259798079ea2d29526536dd6645f140c055be2dbdedf153bd"

[items."agent/python-tool-writer"]
source = "meridian-prompter"
kind = "agent"
version = "v0.2.0"
source_checksum = "sha256:7c454478fad4d27e40c66d0047bd42e403d83cb4334d239f0972d5cde016fe67"

[[items."agent/python-tool-writer".outputs]]
target_root = ".mars"
dest_path = "agents/python-tool-writer.md"
installed_checksum = "sha256:7c454478fad4d27e40c66d0047bd42e403d83cb4334d239f0972d5cde016fe67"

[items."agent/qa-design-lead"]
source = "meridian-dev-workflow"
kind = "agent"
version = "v0.6.2"
source_checksum = "sha256:db78c37b83f730618a69678a2f635712b7219ba32f447428dc794297f25fd190"

[[items."agent/qa-design-lead".outputs]]
target_root = ".mars"
dest_path = "agents/qa-design-lead.md"
installed_checksum = "sha256:db78c37b83f730618a69678a2f635712b7219ba32f447428dc794297f25fd190"

[items."agent/qa-lead"]
source = "meridian-dev-workflow"
kind = "agent"
version = "v0.6.2"
source_checksum = "sha256:74e6a7bcef40f2972e4e985aaa6d51744e82b20f8cc4357621800f371199b1e9"

[[items."agent/qa-lead".outputs]]
target_root = ".mars"
dest_path = "agents/qa-lead.md"
installed_checksum = "sha256:74e6a7bcef40f2972e4e985aaa6d51744e82b20f8cc4357621800f371199b1e9"

[items."agent/reviewer"]
source = "meridian-dev-workflow"
kind = "agent"
version = "v0.6.2"
source_checksum = "sha256:cace15887ee1cf1470be55584d37c80e16777d0e9dc7d29025d607d7bb4b0515"

[[items."agent/reviewer".outputs]]
target_root = ".mars"
dest_path = "agents/reviewer.md"
installed_checksum = "sha256:cace15887ee1cf1470be55584d37c80e16777d0e9dc7d29025d607d7bb4b0515"

[items."agent/session-explorer"]
source = "meridian-base"
kind = "agent"
version = "v0.4.1"
source_checksum = "sha256:02e114bdd270825474574c9873d37f86aea0a163abebdbf3ba14d2b2503ec6ff"

[[items."agent/session-explorer".outputs]]
target_root = ".mars"
dest_path = "agents/session-explorer.md"
installed_checksum = "sha256:02e114bdd270825474574c9873d37f86aea0a163abebdbf3ba14d2b2503ec6ff"

[items."agent/smoke-tester"]
source = "meridian-dev-workflow"
kind = "agent"
version = "v0.6.2"
source_checksum = "sha256:afe5841b40c3d13b54cbdb15d35259d5abcdcfb4e2549db9b925c27d8672f99f"

[[items."agent/smoke-tester".outputs]]
target_root = ".mars"
dest_path = "agents/smoke-tester.md"
installed_checksum = "sha256:afe5841b40c3d13b54cbdb15d35259d5abcdcfb4e2549db9b925c27d8672f99f"

[items."agent/tech-lead"]
source = "meridian-dev-workflow"
kind = "agent"
version = "v0.6.2"
source_checksum = "sha256:0aba50ad6d3cf131a2026c8f28ef66d379e4d39361e0f8276b2024af0c26f5e8"

[[items."agent/tech-lead".outputs]]
target_root = ".mars"
dest_path = "agents/tech-lead.md"
installed_checksum = "sha256:0aba50ad6d3cf131a2026c8f28ef66d379e4d39361e0f8276b2024af0c26f5e8"

[items."agent/tech-writer"]
source = "meridian-dev-workflow"
kind = "agent"
version = "v0.6.2"
source_checksum = "sha256:259258b46d5394dd875db621c2fc60bb25f75ec1dff8d84f5e44ef5de64921f3"

[[items."agent/tech-writer".outputs]]
target_root = ".mars"
dest_path = "agents/tech-writer.md"
installed_checksum = "sha256:259258b46d5394dd875db621c2fc60bb25f75ec1dff8d84f5e44ef5de64921f3"

[items."agent/unit-tester"]
source = "meridian-dev-workflow"
kind = "agent"
version = "v0.6.2"
source_checksum = "sha256:53803fa3e951dbbc1011ab6a84796f25b6bbc77bd128ca4f880db2eda487ea1c"

[[items."agent/unit-tester".outputs]]
target_root = ".mars"
dest_path = "agents/unit-tester.md"
installed_checksum = "sha256:53803fa3e951dbbc1011ab6a84796f25b6bbc77bd128ca4f880db2eda487ea1c"

[items."agent/ux-lead"]
source = "meridian-dev-workflow"
kind = "agent"
version = "v0.6.2"
source_checksum = "sha256:dbfab695b17b358150f76a00980ec3e334bf0d7a800fd606ae0a7acae5d6d489"

[[items."agent/ux-lead".outputs]]
target_root = ".mars"
dest_path = "agents/ux-lead.md"
installed_checksum = "sha256:dbfab695b17b358150f76a00980ec3e334bf0d7a800fd606ae0a7acae5d6d489"

[items."agent/web-prompt-researcher"]
source = "meridian-prompter"
kind = "agent"
version = "v0.2.0"
source_checksum = "sha256:c02c6009ce4f8299963590132d22d00688925f7269250ccf16b7ce53f6a1774b"

[[items."agent/web-prompt-researcher".outputs]]
target_root = ".mars"
dest_path = "agents/web-prompt-researcher.md"
installed_checksum = "sha256:c02c6009ce4f8299963590132d22d00688925f7269250ccf16b7ce53f6a1774b"

[items."agent/web-researcher"]
source = "meridian-dev-workflow"
kind = "agent"
version = "v0.6.2"
source_checksum = "sha256:bfe583e634aad8a6a7952de087b22fdd34bd5827ac76363d438b22e6656a17f6"

[[items."agent/web-researcher".outputs]]
target_root = ".mars"
dest_path = "agents/web-researcher.md"
installed_checksum = "sha256:bfe583e634aad8a6a7952de087b22fdd34bd5827ac76363d438b22e6656a17f6"

[items."bootstrap-doc/feature-worktree"]
source = "meridian-dev-workflow"
kind = "bootstrapdoc"
version = "v0.5.3"
source_checksum = "sha256:3e83d26621b9a092a80d31fa5347be6f26663da34a760fed4d0c0810f2874894"

[[items."bootstrap-doc/feature-worktree".outputs]]
target_root = ".mars"
dest_path = "bootstrap/feature-worktree/BOOTSTRAP.md"
installed_checksum = "sha256:3e83d26621b9a092a80d31fa5347be6f26663da34a760fed4d0c0810f2874894"

[items."bootstrap-doc/imagegen-setup"]
source = "meridian-dev-workflow"
kind = "bootstrapdoc"
version = "v0.5.3"
source_checksum = "sha256:3801c47a177623599a794a0bb64e61237072de596af6262a7c5d86bafffc3348"

[[items."bootstrap-doc/imagegen-setup".outputs]]
target_root = ".mars"
dest_path = "bootstrap/imagegen-setup/BOOTSTRAP.md"
installed_checksum = "sha256:3801c47a177623599a794a0bb64e61237072de596af6262a7c5d86bafffc3348"

[items."skill/agent-artifacts"]
source = "meridian-prompter"
kind = "skill"
version = "v0.1.14"
source_checksum = "sha256:79f174b7c2493c0f8a4681a684ab3fb76a756bde8e224d8d823d8d88045c98d4"

[[items."skill/agent-artifacts".outputs]]
target_root = ".mars"
dest_path = "skills/agent-artifacts"
installed_checksum = "sha256:79f174b7c2493c0f8a4681a684ab3fb76a756bde8e224d8d823d8d88045c98d4"

[items."skill/agent-management"]
source = "meridian-base"
kind = "skill"
version = "v0.4.1"
source_checksum = "sha256:dbe2bd94c03e7f6e6cf95868828ff669a147f8ed5a1b8821eabb6bfe89f65175"

[[items."skill/agent-management".outputs]]
target_root = ".mars"
dest_path = "skills/agent-management"
installed_checksum = "sha256:dbe2bd94c03e7f6e6cf95868828ff669a147f8ed5a1b8821eabb6bfe89f65175"

[items."skill/agent-staffing"]
source = "meridian-dev-workflow"
kind = "skill"
version = "v0.6.2"
source_checksum = "sha256:583ea7a64c5e02b559da472937dc4c74d0b28166d6e3f7e2250ec64d98ab346c"

[[items."skill/agent-staffing".outputs]]
target_root = ".mars"
dest_path = "skills/agent-staffing"
installed_checksum = "sha256:583ea7a64c5e02b559da472937dc4c74d0b28166d6e3f7e2250ec64d98ab346c"

[items."skill/architecture"]
source = "meridian-dev-workflow"
kind = "skill"
version = "v0.5.3"
source_checksum = "sha256:83ada02531216041f51c8acc5ab5a400bef65ac36fe08a3aff18e4634780e589"

[[items."skill/architecture".outputs]]
target_root = ".mars"
dest_path = "skills/architecture"
installed_checksum = "sha256:83ada02531216041f51c8acc5ab5a400bef65ac36fe08a3aff18e4634780e589"

[items."skill/browser-test"]
source = "meridian-dev-workflow"
kind = "skill"
version = "v0.5.3"
source_checksum = "sha256:103c55d69ae841fc7d729ee839514a8508b9287cf7bcc32dbb39bb435bad6628"

[[items."skill/browser-test".outputs]]
target_root = ".mars"
dest_path = "skills/browser-test"
installed_checksum = "sha256:103c55d69ae841fc7d729ee839514a8508b9287cf7bcc32dbb39bb435bad6628"

[items."skill/decision-log"]
source = "meridian-base"
kind = "skill"
version = "v0.3.3"
source_checksum = "sha256:82f321dd44e62dc10092e32865cd3d4bc2597af80a1594fc8711735f30a8aa00"

[[items."skill/decision-log".outputs]]
target_root = ".mars"
dest_path = "skills/decision-log"
installed_checksum = "sha256:82f321dd44e62dc10092e32865cd3d4bc2597af80a1594fc8711735f30a8aa00"

[items."skill/dev-artifacts"]
source = "meridian-dev-workflow"
kind = "skill"
version = "v0.5.3"
source_checksum = "sha256:f4126a81cad044a08c41ca6c242ad8d83b4faa6490da1439bcbfbf7a6995354b"

[[items."skill/dev-artifacts".outputs]]
target_root = ".mars"
dest_path = "skills/dev-artifacts"
installed_checksum = "sha256:f4126a81cad044a08c41ca6c242ad8d83b4faa6490da1439bcbfbf7a6995354b"

[items."skill/dev-principles"]
source = "meridian-dev-workflow"
kind = "skill"
version = "v0.6.2"
source_checksum = "sha256:5ea57adecadf57de5b65dcfa0d6d181157f63220b83b74a4ddd379896c155712"

[[items."skill/dev-principles".outputs]]
target_root = ".mars"
dest_path = "skills/dev-principles"
installed_checksum = "sha256:5ea57adecadf57de5b65dcfa0d6d181157f63220b83b74a4ddd379896c155712"

[items."skill/ears-parsing"]
source = "meridian-dev-workflow"
kind = "skill"
version = "v0.5.3"
source_checksum = "sha256:1db85ac3f7a0344ce88510ebdf36480de600c6798617d64f988564ed113bd89b"

[[items."skill/ears-parsing".outputs]]
target_root = ".mars"
dest_path = "skills/ears-parsing"
installed_checksum = "sha256:1db85ac3f7a0344ce88510ebdf36480de600c6798617d64f988564ed113bd89b"

[items."skill/frontend-design"]
source = "anthropic-skills"
kind = "skill"
source_checksum = "sha256:3dc9d9c837c7f390c1bf8b13e4667cf167340067bfbaf6d734d644eb08c640a1"

[[items."skill/frontend-design".outputs]]
target_root = ".mars"
dest_path = "skills/frontend-design"
installed_checksum = "sha256:3dc9d9c837c7f390c1bf8b13e4667cf167340067bfbaf6d734d644eb08c640a1"

[items."skill/integration-test"]
source = "meridian-dev-workflow"
kind = "skill"
version = "v0.6.2"
source_checksum = "sha256:c39117e86b7779b7fbb787022d72a373ecd9aa10f522dd84413ffbcc65d9be1c"

[[items."skill/integration-test".outputs]]
target_root = ".mars"
dest_path = "skills/integration-test"
installed_checksum = "sha256:c39117e86b7779b7fbb787022d72a373ecd9aa10f522dd84413ffbcc65d9be1c"

[items."skill/intent-modeling"]
source = "meridian-base"
kind = "skill"
version = "v0.3.3"
source_checksum = "sha256:a44583d5d6d6796053e3f5ca9ea7c2ffe3fac2d77c9347d5a774dc527a2dcc44"

[[items."skill/intent-modeling".outputs]]
target_root = ".mars"
dest_path = "skills/intent-modeling"
installed_checksum = "sha256:a44583d5d6d6796053e3f5ca9ea7c2ffe3fac2d77c9347d5a774dc527a2dcc44"

[items."skill/issues"]
source = "meridian-dev-workflow"
kind = "skill"
version = "v0.6.2"
source_checksum = "sha256:95445491ec949d37f5a07badb478c958c183ac1283d17444347b62c0004b9bc4"

[[items."skill/issues".outputs]]
target_root = ".mars"
dest_path = "skills/issues"
installed_checksum = "sha256:95445491ec949d37f5a07badb478c958c183ac1283d17444347b62c0004b9bc4"

[items."skill/kb-conventions"]
source = "meridian-base"
kind = "skill"
version = "v0.4.1"
source_checksum = "sha256:22baa6941487c7cf8533e839824e43e005e38567d0c729a8977a8bcec3f8af3e"

[[items."skill/kb-conventions".outputs]]
target_root = ".mars"
dest_path = "skills/kb-conventions"
installed_checksum = "sha256:22baa6941487c7cf8533e839824e43e005e38567d0c729a8977a8bcec3f8af3e"

[items."skill/llm-writing"]
source = "meridian-base"
kind = "skill"
version = "v0.3.3"
source_checksum = "sha256:d6a812731854182724dc6cedf69f413bf2a3e2fb7c89c0c9c56432539ccfff79"

[[items."skill/llm-writing".outputs]]
target_root = ".mars"
dest_path = "skills/llm-writing"
installed_checksum = "sha256:d6a812731854182724dc6cedf69f413bf2a3e2fb7c89c0c9c56432539ccfff79"

[items."skill/md-validation"]
source = "meridian-base"
kind = "skill"
version = "v0.4.1"
source_checksum = "sha256:4d684233ffa7a792e07799c3e583c507597dc2cb069a9ddc3b75e74981c8ddc7"

[[items."skill/md-validation".outputs]]
target_root = ".mars"
dest_path = "skills/md-validation"
installed_checksum = "sha256:4d684233ffa7a792e07799c3e583c507597dc2cb069a9ddc3b75e74981c8ddc7"

[items."skill/meridian-privilege-escalation"]
source = "meridian-base"
kind = "skill"
version = "v0.4.1"
source_checksum = "sha256:2baabb91a1d2351018089ac76c5ea308c729f77068419193c20e1c5b2eee6c9f"

[[items."skill/meridian-privilege-escalation".outputs]]
target_root = ".mars"
dest_path = "skills/meridian-privilege-escalation"
installed_checksum = "sha256:2baabb91a1d2351018089ac76c5ea308c729f77068419193c20e1c5b2eee6c9f"

[items."skill/meridian-spawn"]
source = "meridian-base"
kind = "skill"
version = "v0.4.1"
source_checksum = "sha256:b0739114f43a68b920a5984866d3f223cfe83d8241940b2971e10852768af060"

[[items."skill/meridian-spawn".outputs]]
target_root = ".mars"
dest_path = "skills/meridian-spawn"
installed_checksum = "sha256:b0739114f43a68b920a5984866d3f223cfe83d8241940b2971e10852768af060"

[items."skill/meridian-work-coordination"]
source = "meridian-base"
kind = "skill"
version = "v0.4.1"
source_checksum = "sha256:0c207e1006a488ba0bbbd8ae2d889d24e735dc1021a584d49e9fec0acd0197e1"

[[items."skill/meridian-work-coordination".outputs]]
target_root = ".mars"
dest_path = "skills/meridian-work-coordination"
installed_checksum = "sha256:0c207e1006a488ba0bbbd8ae2d889d24e735dc1021a584d49e9fec0acd0197e1"

[items."skill/planning"]
source = "meridian-dev-workflow"
kind = "skill"
version = "v0.5.3"
source_checksum = "sha256:a3c846853a29b50fbbab24abd99b7cbbc3263e46f92fba2f2893344399713e51"

[[items."skill/planning".outputs]]
target_root = ".mars"
dest_path = "skills/planning"
installed_checksum = "sha256:a3c846853a29b50fbbab24abd99b7cbbc3263e46f92fba2f2893344399713e51"

[items."skill/playwright-cli"]
source = "playwright-cli"
kind = "skill"
source_checksum = "sha256:108643971d8746de2557285863d6f28ad40bcd6fbf406a5ca1d8797b34357f1e"

[[items."skill/playwright-cli".outputs]]
target_root = ".mars"
dest_path = "skills/playwright-cli"
installed_checksum = "sha256:108643971d8746de2557285863d6f28ad40bcd6fbf406a5ca1d8797b34357f1e"

[items."skill/prompt-principles"]
source = "meridian-prompter"
kind = "skill"
version = "v0.1.14"
source_checksum = "sha256:20d6e0809dda664e7d2af05ba2e8b2d15c251c667432913d38c00c5ffc37b458"

[[items."skill/prompt-principles".outputs]]
target_root = ".mars"
dest_path = "skills/prompt-principles"
installed_checksum = "sha256:20d6e0809dda664e7d2af05ba2e8b2d15c251c667432913d38c00c5ffc37b458"

[items."skill/prompt-review"]
source = "meridian-prompter"
kind = "skill"
version = "v0.1.14"
source_checksum = "sha256:da083eff1c87f29134d4851f16c3ef82c7b6fb18e93a79e3b290712dcd1ff354"

[[items."skill/prompt-review".outputs]]
target_root = ".mars"
dest_path = "skills/prompt-review"
installed_checksum = "sha256:da083eff1c87f29134d4851f16c3ef82c7b6fb18e93a79e3b290712dcd1ff354"

[items."skill/qi-layer"]
source = "meridian-base"
kind = "skill"
version = "v0.4.1"
source_checksum = "sha256:ed2a365c6ad695f41dfac15fb7742b035ff2a85f05362a90a3a37c197331b38f"

[[items."skill/qi-layer".outputs]]
target_root = ".mars"
dest_path = "skills/qi-layer"
installed_checksum = "sha256:ed2a365c6ad695f41dfac15fb7742b035ff2a85f05362a90a3a37c197331b38f"

[items."skill/reflection"]
source = "meridian-base"
kind = "skill"
version = "v0.3.3"
source_checksum = "sha256:d8826968a29dfc3b3607320e1c56b0722c1aaf54bbc9ca022011b5437c5004b3"

[[items."skill/reflection".outputs]]
target_root = ".mars"
dest_path = "skills/reflection"
installed_checksum = "sha256:d8826968a29dfc3b3607320e1c56b0722c1aaf54bbc9ca022011b5437c5004b3"

[items."skill/review"]
source = "meridian-dev-workflow"
kind = "skill"
version = "v0.5.3"
source_checksum = "sha256:6041ecf64077685b21564fab9103c489ea289e1cf6bf99db291f5a10dc71dc9b"

[[items."skill/review".outputs]]
target_root = ".mars"
dest_path = "skills/review"
installed_checksum = "sha256:6041ecf64077685b21564fab9103c489ea289e1cf6bf99db291f5a10dc71dc9b"

[items."skill/session-mining"]
source = "meridian-base"
kind = "skill"
version = "v0.4.1"
source_checksum = "sha256:ffaa9227f9724d4a1c4beb2d44d639ea08d2aa52126af51e7205fa033168f52b"

[[items."skill/session-mining".outputs]]
target_root = ".mars"
dest_path = "skills/session-mining"
installed_checksum = "sha256:ffaa9227f9724d4a1c4beb2d44d639ea08d2aa52126af51e7205fa033168f52b"

[items."skill/shared-workspace"]
source = "meridian-base"
kind = "skill"
version = "v0.3.3"
source_checksum = "sha256:b3627550043ce5454a212be1d9df5b07a7c486369a3d168f8b3f21b67099dc1a"

[[items."skill/shared-workspace".outputs]]
target_root = ".mars"
dest_path = "skills/shared-workspace"
installed_checksum = "sha256:b3627550043ce5454a212be1d9df5b07a7c486369a3d168f8b3f21b67099dc1a"

[items."skill/skill-artifacts"]
source = "meridian-prompter"
kind = "skill"
version = "v0.1.14"
source_checksum = "sha256:aa5f11d84cab8f991abe5260cff0d1af9f61ef6229d16d54616004ab08040a36"

[[items."skill/skill-artifacts".outputs]]
target_root = ".mars"
dest_path = "skills/skill-artifacts"
installed_checksum = "sha256:aa5f11d84cab8f991abe5260cff0d1af9f61ef6229d16d54616004ab08040a36"

[items."skill/smoke-test"]
source = "meridian-dev-workflow"
kind = "skill"
version = "v0.5.3"
source_checksum = "sha256:f01b9dda8e86e4502fe8a687f1034f8e34a7c5ce0dc0b9f80a36fdafb2928546"

[[items."skill/smoke-test".outputs]]
target_root = ".mars"
dest_path = "skills/smoke-test"
installed_checksum = "sha256:f01b9dda8e86e4502fe8a687f1034f8e34a7c5ce0dc0b9f80a36fdafb2928546"

[items."skill/tech-docs"]
source = "meridian-dev-workflow"
kind = "skill"
version = "v0.5.3"
source_checksum = "sha256:fda08cb816343ae01ebd7b97886902c4d9c2f160338b608f9475289bc30897cf"

[[items."skill/tech-docs".outputs]]
target_root = ".mars"
dest_path = "skills/tech-docs"
installed_checksum = "sha256:fda08cb816343ae01ebd7b97886902c4d9c2f160338b608f9475289bc30897cf"

[items."skill/testing-principles"]
source = "meridian-dev-workflow"
kind = "skill"
version = "v0.5.3"
source_checksum = "sha256:747c8a77f639417933c4f1236661ddcc1911ec5ac25d1846d092515eddcf0230"

[[items."skill/testing-principles".outputs]]
target_root = ".mars"
dest_path = "skills/testing-principles"
installed_checksum = "sha256:747c8a77f639417933c4f1236661ddcc1911ec5ac25d1846d092515eddcf0230"

[items."skill/unit-test"]
source = "meridian-dev-workflow"
kind = "skill"
version = "v0.6.2"
source_checksum = "sha256:7beeb1698f3ddb89fa659daecf09c38d44f040d285c113b45b6b49606d27f364"

[[items."skill/unit-test".outputs]]
target_root = ".mars"
dest_path = "skills/unit-test"
installed_checksum = "sha256:7beeb1698f3ddb89fa659daecf09c38d44f040d285c113b45b6b49606d27f364"
